github.com/TigorLazuardi/tanggal v1.0.0 h1:zE0iwf7C+ZYTRIzo33G0QKVpiFyqgVaCoVF5wDuFEj8=
github.com/TigorLazuardi/tanggal v1.0.0/go.mod h1:7zvkzcADG4AqZ6jr6vngdx0JV2O8+mwjerYc5ux72cw=
github.com/joho/godotenv v1.5.1 h1:7eLL/+HRGLY0ldzfGMeQkb7vMd0as4CfYvUVzLqw0N0=
github.com/joho/godotenv v1.5.1/go.mod h1:f4LDr5Voq0i2e/R5DDNOoa2zzDfwtkZa6DnEwAbqwq4=
